# @generated by Move, please check-in and do not edit manually.

[move]
version = 3
manifest_digest = "18A14BBFC58066A7C7CCA76B4E7EA4485259FF0544C4B383DC481EDADBDAAE9F"
deps_digest = "F8BBB0CCB2491CA29A3DF03D6F92277A4F3574266507ACD77214D37ECA3F3082"
dependencies = [
  { id = "Sui", name = "Sui" },
]

[[move.package]]
id = "MoveStdlib"
source = { git = "https://github.com/MystenLabs/sui.git", rev = "framework/testnet", subdir = "crates/sui-framework/packages/move-stdlib" }

[[move.package]]
id = "Sui"
source = { git = "https://github.com/MystenLabs/sui.git", rev = "framework/testnet", subdir = "crates/sui-framework/packages/sui-framework" }

dependencies = [
  { id = "MoveStdlib", name = "MoveStdlib" },
]

[move.toolchain-version]
compiler-version = "1.49.1"
edition = "2024.beta"
flavor = "sui"

[env]

[env.mainnet]
chain-id = "35834a8a"
original-published-id = "0xc2ce28535a890356fa28203aca5f8315519acf2aaba0a8571a7346648973299c"
latest-published-id = "0xc2ce28535a890356fa28203aca5f8315519acf2aaba0a8571a7346648973299c"
published-version = "1"

[env.testnet]
chain-id = "4c78adac"
original-published-id = "0x0ec6381cb0aaf0bf884d21d898c8e65d725106705908ab77aee8277d86e4f731"
latest-published-id = "0x0ec6381cb0aaf0bf884d21d898c8e65d725106705908ab77aee8277d86e4f731"
published-version = "1"
